
Microsoft Visual Studio Solution File, Format Version 12.00
# Visual Studio Version 17
VisualStudioVersion = 17.5.33530.505
MinimumVisualStudioVersion = 10.0.40219.1
Project("{FAE04EC0-301F-11D3-BF4B-00C04F79EFBC}") = "Order", "Order\Order.csproj", "{3C996BD3-1CCB-4DF6-9288-8058197CC021}"
EndProject
Project("{FAE04EC0-301F-11D3-BF4B-00C04F79EFBC}") = "OrderForms", "OrderForms\OrderForms.csproj", "{A42E69C0-3C23-43DD-993D-62D4AEFFB547}"
EndProject
Global
	GlobalSection(SolutionConfigurationPlatforms) = preSolution
		Debug|Any CPU = Debug|Any CPU
		Release|Any CPU = Release|Any CPU
	EndGlobalSection
	GlobalSection(ProjectConfigurationPlatforms) = postSolution
		{3C996BD3-1CCB-4DF6-9288-8058197CC021}.Debug|Any CPU.ActiveCfg = Debug|Any CPU
		{3C996BD3-1CCB-4DF6-9288-8058197CC021}.Debug|Any CPU.Build.0 = Debug|Any CPU
		{3C996BD3-1CCB-4DF6-9288-8058197CC021}.Release|Any CPU.ActiveCfg = Release|Any CPU
		{3C996BD3-1CCB-4DF6-9288-8058197CC021}.Release|Any CPU.Build.0 = Release|Any CPU
		{A42E69C0-3C23-43DD-993D-62D4AEFFB547}.Debug|Any CPU.ActiveCfg = Debug|Any CPU
		{A42E69C0-3C23-43DD-993D-62D4AEFFB547}.Debug|Any CPU.Build.0 = Debug|Any CPU
		{A42E69C0-3C23-43DD-993D-62D4AEFFB547}.Release|Any CPU.ActiveCfg = Release|Any CPU
		{A42E69C0-3C23-43DD-993D-62D4AEFFB547}.Release|Any CPU.Build.0 = Release|Any CPU
	EndGlobalSection
	GlobalSection(SolutionProperties) = preSolution
		HideSolutionNode = FALSE
	EndGlobalSection
	GlobalSection(ExtensibilityGlobals) = postSolution
		SolutionGuid = {0066B738-A31C-44ED-A83C-828E4CD17826}
	EndGlobalSection
EndGlobal
