
Microsoft Visual Studio Solution File, Format Version 12.00
# Visual Studio Version 17
VisualStudioVersion = 17.5.33424.131
MinimumVisualStudioVersion = 10.0.40219.1
Project("{9A19103F-16F7-4668-BE54-9A1E7A4F7556}") = "Caculator", "Caculator\Caculator.csproj", "{F4A94A88-26F9-4329-8F5E-4856B4C84C1D}"
EndProject
Project("{FAE04EC0-301F-11D3-BF4B-00C04F79EFBC}") = "WinCaculator", "WinCaculator\WinCaculator.csproj", "{4ED3F38F-D67D-42B4-94AE-22CE83AEF6FB}"
EndProject
Global
	GlobalSection(SolutionConfigurationPlatforms) = preSolution
		Debug|Any CPU = Debug|Any CPU
		Release|Any CPU = Release|Any CPU
	EndGlobalSection
	GlobalSection(ProjectConfigurationPlatforms) = postSolution
		{F4A94A88-26F9-4329-8F5E-4856B4C84C1D}.Debug|Any CPU.ActiveCfg = Debug|Any CPU
		{F4A94A88-26F9-4329-8F5E-4856B4C84C1D}.Debug|Any CPU.Build.0 = Debug|Any CPU
		{F4A94A88-26F9-4329-8F5E-4856B4C84C1D}.Release|Any CPU.ActiveCfg = Release|Any CPU
		{F4A94A88-26F9-4329-8F5E-4856B4C84C1D}.Release|Any CPU.Build.0 = Release|Any CPU
		{4ED3F38F-D67D-42B4-94AE-22CE83AEF6FB}.Debug|Any CPU.ActiveCfg = Debug|Any CPU
		{4ED3F38F-D67D-42B4-94AE-22CE83AEF6FB}.Debug|Any CPU.Build.0 = Debug|Any CPU
		{4ED3F38F-D67D-42B4-94AE-22CE83AEF6FB}.Release|Any CPU.ActiveCfg = Release|Any CPU
		{4ED3F38F-D67D-42B4-94AE-22CE83AEF6FB}.Release|Any CPU.Build.0 = Release|Any CPU
	EndGlobalSection
	GlobalSection(SolutionProperties) = preSolution
		HideSolutionNode = FALSE
	EndGlobalSection
	GlobalSection(ExtensibilityGlobals) = postSolution
		SolutionGuid = {8EA8D9BB-5228-4811-A2BE-19CEB18B6086}
	EndGlobalSection
EndGlobal
