
Microsoft Visual Studio Solution File, Format Version 12.00
# Visual Studio Version 17
VisualStudioVersion = 17.5.33627.172
MinimumVisualStudioVersion = 10.0.40219.1
Project("{9A19103F-16F7-4668-BE54-9A1E7A4F7556}") = "WinFormForCrawler", "WinFormForCrawler\WinFormForCrawler.csproj", "{CF7E42F7-A469-41C7-939C-9E1F6F5E57D7}"
EndProject
Project("{9A19103F-16F7-4668-BE54-9A1E7A4F7556}") = "SimpleCrawler", "SimpleCrawler\SimpleCrawler.csproj", "{EA78BD36-7C56-49FA-BE97-FD1397FA0392}"
EndProject
Global
	GlobalSection(SolutionConfigurationPlatforms) = preSolution
		Debug|Any CPU = Debug|Any CPU
		Release|Any CPU = Release|Any CPU
	EndGlobalSection
	GlobalSection(ProjectConfigurationPlatforms) = postSolution
		{CF7E42F7-A469-41C7-939C-9E1F6F5E57D7}.Debug|Any CPU.ActiveCfg = Debug|Any CPU
		{CF7E42F7-A469-41C7-939C-9E1F6F5E57D7}.Debug|Any CPU.Build.0 = Debug|Any CPU
		{CF7E42F7-A469-41C7-939C-9E1F6F5E57D7}.Release|Any CPU.ActiveCfg = Release|Any CPU
		{CF7E42F7-A469-41C7-939C-9E1F6F5E57D7}.Release|Any CPU.Build.0 = Release|Any CPU
		{EA78BD36-7C56-49FA-BE97-FD1397FA0392}.Debug|Any CPU.ActiveCfg = Debug|Any CPU
		{EA78BD36-7C56-49FA-BE97-FD1397FA0392}.Debug|Any CPU.Build.0 = Debug|Any CPU
		{EA78BD36-7C56-49FA-BE97-FD1397FA0392}.Release|Any CPU.ActiveCfg = Release|Any CPU
		{EA78BD36-7C56-49FA-BE97-FD1397FA0392}.Release|Any CPU.Build.0 = Release|Any CPU
	EndGlobalSection
	GlobalSection(SolutionProperties) = preSolution
		HideSolutionNode = FALSE
	EndGlobalSection
	GlobalSection(ExtensibilityGlobals) = postSolution
		SolutionGuid = {C2454909-3068-43A3-B1C0-1FB41B5FED8B}
	EndGlobalSection
EndGlobal
